lockfileVersion: '9.0'

settings:
  autoInstallPeers: true
  excludeLinksFromLockfile: false

importers:

  .:
    dependencies:
      koffi:
        specifier: ^2
        version: 2.16.2

packages:

  koffi@2.16.2:
    resolution: {integrity: sha512-owU0MRwv6xkrVqCd+33uw6BaYppkTRXbO/rVdJNI2dvZG0gzyRhYwW25eWtc5pauwK8TGh3AbkFONSezdykfSA==}

snapshots:

  koffi@2.16.2: {}
